# This file is automatically @generated by Poetry 1.4.0 and should not be changed by hand.

[[package]]
name = "common"
version = "0.1.0"
description = ""
category = "main"
optional = false
python-versions = "^3.10"
files = []
develop = true

[package.source]
type = "directory"
url = "../common"

[metadata]
lock-version = "2.0"
python-versions = "^3.10"
content-hash = "73dc47da2980bc6e604e9ca6e706fbf11cec61ee579e7708514aa37600c1a9dd"
