# This file is automatically @generated by Poetry 1.4.0 and should not be changed by hand.

[[package]]
name = "hello-world"
version = "0.1.0"
description = ""
category = "main"
optional = false
python-versions = "^3.10"
files = []
develop = true

[package.source]
type = "directory"
url = "../cdk_poetry/lambdas/hello_world"

[metadata]
lock-version = "2.0"
python-versions = "^3.10"
content-hash = "342d0d5aa0b9376e7bec223a62182e18d79bea44e429801fa2c95c28839258be"
